
Microsoft Visual Studio Solution File, Format Version 12.00
# Visual Studio 15
Project("{FAE04EC0-301F-11D3-BF4B-00C04F79EFBC}") = "Assembly-CSharp", "Assembly-CSharp.csproj", "{010D67EF-0521-C68B-7B87-FF3228230A26}"
EndProject
Global
	GlobalSection(SolutionConfigurationPlatforms) = preSolution
		Debug|Any CPU = Debug|Any CPU
		Release|Any CPU = Release|Any CPU
	EndGlobalSection
	GlobalSection(ProjectConfigurationPlatforms) = postSolution
		{010D67EF-0521-C68B-7B87-FF3228230A26}.Debug|Any CPU.ActiveCfg = Debug|Any CPU
		{010D67EF-0521-C68B-7B87-FF3228230A26}.Debug|Any CPU.Build.0 = Debug|Any CPU
		{010D67EF-0521-C68B-7B87-FF3228230A26}.Release|Any CPU.ActiveCfg = Release|Any CPU
		{010D67EF-0521-C68B-7B87-FF3228230A26}.Release|Any CPU.Build.0 = Release|Any CPU
	EndGlobalSection
	GlobalSection(SolutionProperties) = preSolution
		HideSolutionNode = FALSE
	EndGlobalSection
EndGlobal
